{
  "name": "@pendulum/loop-observer",
  "version": "2.2.0",
  "lockfileVersion": 2,
  "requires": true,
  "packages": {
    "": {
      "name": "@pendulum/loop-observer",
      "version": "2.2.0",
      "license": "ISC",
      "dependencies": {
        "dom-loop": "^2.0.0-beta"
      },
      "devDependencies": {
        "typescript": ">=3.3.333"
      }
    },
    "node_modules/dom-loop": {
      "version": "2.0.0-beta",
      "resolved": "https://registry.npmjs.org/dom-loop/-/dom-loop-2.0.0-beta.tgz",
      "integrity": "sha512-L/bmtZcW3ftvA3NvtxP0ANObGR8UsSZJuPKAHN8RX3cwEmWwsVL4VCAb7WIhlQy7CsoOPlmsI8o3Hg1w0hcjhA=="
    },
    "node_modules/typescript": {
      "version": "3.4.1",
      "resolved": "https://registry.npmjs.org/typescript/-/typescript-3.4.1.tgz",
      "integrity": "sha512-3NSMb2VzDQm8oBTLH6Nj55VVtUEpe/rgkIzMir0qVoLyjDZlnMBva0U6vDiV3IH+sl/Yu6oP5QwsAQtHPmDd2Q==",
      "dev": true,
      "bin": {
        "tsc": "bin/tsc",
        "tsserver": "bin/tsserver"
      },
      "engines": {
        "node": ">=4.2.0"
      }
    }
  },
  "dependencies": {
    "dom-loop": {
      "version": "2.0.0-beta",
      "resolved": "https://registry.npmjs.org/dom-loop/-/dom-loop-2.0.0-beta.tgz",
      "integrity": "sha512-L/bmtZcW3ftvA3NvtxP0ANObGR8UsSZJuPKAHN8RX3cwEmWwsVL4VCAb7WIhlQy7CsoOPlmsI8o3Hg1w0hcjhA=="
    },
    "typescript": {
      "version": "3.4.1",
      "resolved": "https://registry.npmjs.org/typescript/-/typescript-3.4.1.tgz",
      "integrity": "sha512-3NSMb2VzDQm8oBTLH6Nj55VVtUEpe/rgkIzMir0qVoLyjDZlnMBva0U6vDiV3IH+sl/Yu6oP5QwsAQtHPmDd2Q==",
      "dev": true
    }
  }
}
