{
  "name": "loop-observer",
  "version": "1.0.0",
  "lockfileVersion": 1,
  "requires": true,
  "dependencies": {
    "dom-loop": {
      "version": "1.0.1",
      "resolved": "https://registry.npmjs.org/dom-loop/-/dom-loop-1.0.1.tgz",
      "integrity": "sha512-mEXXvm2QvVhU662ny+vXAew3LQam1udseENpNrjVJ5xnxs6UjmognW4B5V/ox1gme2pwlvhd/oszkPNQJ8+2Bg=="
    },
    "typescript": {
      "version": "3.3.3",
      "resolved": "https://registry.npmjs.org/typescript/-/typescript-3.3.3.tgz",
      "integrity": "sha512-Y21Xqe54TBVp+VDSNbuDYdGw0BpoR/Q6wo/+35M8PAU0vipahnyduJWirxxdxjsAkS7hue53x2zp8gz7F05u0A==",
      "dev": true
    }
  }
}
